// !$*UTF8*$!
{
	archiveVersion = 1;
	classes = {
	};
	objectVersion = 55;
	objects = {

/* Begin PBXBuildFile section */
		EB255B20275A0BC700F01669 /* hm_ios_sdk.framework in Frameworks */ = {isa = PBXBuildFile; fileRef = EB255B1F275A0BC700F01669 /* hm_ios_sdk.framework */; };
		EB255B21275A0BC700F01669 /* hm_ios_sdk.framework in Embed Frameworks */ = {isa = PBXBuildFile; fileRef = EB255B1F275A0BC700F01669 /* hm_ios_sdk.framework */; settings = {ATTRIBUTES = (CodeSignOnCopy, RemoveHeadersOnCopy, ); }; };
		EBC5761F273BEB0200AC2528 /* AppDelegate.swift in Sources */ = {isa = PBXBuildFile; fileRef = EBC5761E273BEB0200AC2528 /* AppDelegate.swift */; };
		EBC57621273BEB0200AC2528 /* SceneDelegate.swift in Sources */ = {isa = PBXBuildFile; fileRef = EBC57620273BEB0200AC2528 /* SceneDelegate.swift */; };
		EBC57623273BEB0200AC2528 /* ViewController.swift in Sources */ = {isa = PBXBuildFile; fileRef = EBC57622273BEB0200AC2528 /* ViewController.swift */; };
		EBC57626273BEB0200AC2528 /* Main.storyboard in Resources */ = {isa = PBXBuildFile; fileRef = EBC57624273BEB0200AC2528 /* Main.storyboard */; };
		EBC57628273BEB0300AC2528 /* Assets.xcassets in Resources */ = {isa = PBXBuildFile; fileRef = EBC57627273BEB0300AC2528 /* Assets.xcassets */; };
		EBC5762B273BEB0300AC2528 /* LaunchScreen.storyboard in Resources */ = {isa = PBXBuildFile; fileRef = EBC57629273BEB0300AC2528 /* LaunchScreen.storyboard */; };
		EBC57636273BEB0400AC2528 /* hm_sdk_sampleTests.swift in Sources */ = {isa = PBXBuildFile; fileRef = EBC57635273BEB0400AC2528 /* hm_sdk_sampleTests.swift */; };
		EBC57640273BEB0400AC2528 /* hm_sdk_sampleUITests.swift in Sources */ = {isa = PBXBuildFile; fileRef = EBC5763F273BEB0400AC2528 /* hm_sdk_sampleUITests.swift */; };
		EBC57642273BEB0400AC2528 /* hm_sdk_sampleUITestsLaunchTests.swift in Sources */ = {isa = PBXBuildFile; fileRef = EBC57641273BEB0400AC2528 /* hm_sdk_sampleUITestsLaunchTests.swift */; };
/* End PBXBuildFile section */

/* Begin PBXContainerItemProxy section */
		EBC57632273BEB0400AC2528 /* PBXContainerItemProxy */ = {
			isa = PBXContainerItemProxy;
			containerPortal = EBC57613273BEB0200AC2528 /* Project object */;
			proxyType = 1;
			remoteGlobalIDString = EBC5761A273BEB0200AC2528;
			remoteInfo = hm.sdk.sample;
		};
		EBC5763C273BEB0400AC2528 /* PBXContainerItemProxy */ = {
			isa = PBXContainerItemProxy;
			containerPortal = EBC57613273BEB0200AC2528 /* Project object */;
			proxyType = 1;
			remoteGlobalIDString = EBC5761A273BEB0200AC2528;
			remoteInfo = hm.sdk.sample;
		};
/* End PBXContainerItemProxy section */

/* Begin PBXCopyFilesBuildPhase section */
		EB255B22275A0BC700F01669 /* Embed Frameworks */ = {
			isa = PBXCopyFilesBuildPhase;
			buildActionMask = 2147483647;
			dstPath = "";
			dstSubfolderSpec = 10;
			files = (
				EB255B21275A0BC700F01669 /* hm_ios_sdk.framework in Embed Frameworks */,
			);
			name = "Embed Frameworks";
			runOnlyForDeploymentPostprocessing = 0;
		};
/* End PBXCopyFilesBuildPhase section */

/* Begin PBXFileReference section */
		EB255B1F275A0BC700F01669 /* hm_ios_sdk.framework */ = {isa = PBXFileReference; explicitFileType = wrapper.framework; path = hm_ios_sdk.framework; sourceTree = BUILT_PRODUCTS_DIR; };
		EBC5761B273BEB0200AC2528 /* hm.sdk.sample.app */ = {isa = PBXFileReference; explicitFileType = wrapper.application; includeInIndex = 0; path = hm.sdk.sample.app; sourceTree = BUILT_PRODUCTS_DIR; };
		EBC5761E273BEB0200AC2528 /* AppDelegate.swift */ = {isa = PBXFileReference; lastKnownFileType = sourcecode.swift; path = AppDelegate.swift; sourceTree = "<group>"; };
		EBC57620273BEB0200AC2528 /* SceneDelegate.swift */ = {isa = PBXFileReference; lastKnownFileType = sourcecode.swift; path = SceneDelegate.swift; sourceTree = "<group>"; };
		EBC57622273BEB0200AC2528 /* ViewController.swift */ = {isa = PBXFileReference; lastKnownFileType = sourcecode.swift; path = ViewController.swift; sourceTree = "<group>"; };
		EBC57625273BEB0200AC2528 /* Base */ = {isa = PBXFileReference; lastKnownFileType = file.storyboard; name = Base; path = Base.lproj/Main.storyboard; sourceTree = "<group>"; };
		EBC57627273BEB0300AC2528 /* Assets.xcassets */ = {isa = PBXFileReference; lastKnownFileType = folder.assetcatalog; path = Assets.xcassets; sourceTree = "<group>"; };
		EBC5762A273BEB0300AC2528 /* Base */ = {isa = PBXFileReference; lastKnownFileType = file.storyboard; name = Base; path = Base.lproj/LaunchScreen.storyboard; sourceTree = "<group>"; };
		EBC5762C273BEB0300AC2528 /* Info.plist */ = {isa = PBXFileReference; lastKnownFileType = text.plist.xml; path = Info.plist; sourceTree = "<group>"; };
		EBC57631273BEB0400AC2528 /* hm.sdk.sampleTests.xctest */ = {isa = PBXFileReference; explicitFileType = wrapper.cfbundle; includeInIndex = 0; path = hm.sdk.sampleTests.xctest; sourceTree = BUILT_PRODUCTS_DIR; };
		EBC57635273BEB0400AC2528 /* hm_sdk_sampleTests.swift */ = {isa = PBXFileReference; lastKnownFileType = sourcecode.swift; path = hm_sdk_sampleTests.swift; sourceTree = "<group>"; };
		EBC5763B273BEB0400AC2528 /* hm.sdk.sampleUITests.xctest */ = {isa = PBXFileReference; explicitFileType = wrapper.cfbundle; includeInIndex = 0; path = hm.sdk.sampleUITests.xctest; sourceTree = BUILT_PRODUCTS_DIR; };
		EBC5763F273BEB0400AC2528 /* hm_sdk_sampleUITests.swift */ = {isa = PBXFileReference; lastKnownFileType = sourcecode.swift; path = hm_sdk_sampleUITests.swift; sourceTree = "<group>"; };
		EBC57641273BEB0400AC2528 /* hm_sdk_sampleUITestsLaunchTests.swift */ = {isa = PBXFileReference; lastKnownFileType = sourcecode.swift; path = hm_sdk_sampleUITestsLaunchTests.swift; sourceTree = "<group>"; };
/* End PBXFileReference section */

/* Begin PBXFrameworksBuildPhase section */
		EBC57618273BEB0200AC2528 /* Frameworks */ = {
			isa = PBXFrameworksBuildPhase;
			buildActionMask = 2147483647;
			files = (
				EB255B20275A0BC700F01669 /* hm_ios_sdk.framework in Frameworks */,
			);
			runOnlyForDeploymentPostprocessing = 0;
		};
		EBC5762E273BEB0400AC2528 /* Frameworks */ = {
			isa = PBXFrameworksBuildPhase;
			buildActionMask = 2147483647;
			files = (
			);
			runOnlyForDeploymentPostprocessing = 0;
		};
		EBC57638273BEB0400AC2528 /* Frameworks */ = {
			isa = PBXFrameworksBuildPhase;
			buildActionMask = 2147483647;
			files = (
			);
			runOnlyForDeploymentPostprocessing = 0;
		};
/* End PBXFrameworksBuildPhase section */

/* Begin PBXGroup section */
		EB255B1E275A0BC700F01669 /* Frameworks */ = {
			isa = PBXGroup;
			children = (
				EB255B1F275A0BC700F01669 /* hm_ios_sdk.framework */,
			);
			name = Frameworks;
			sourceTree = "<group>";
		};
		EBC57612273BEB0200AC2528 = {
			isa = PBXGroup;
			children = (
				EBC5761D273BEB0200AC2528 /* hm.sdk.sample */,
				EBC57634273BEB0400AC2528 /* hm.sdk.sampleTests */,
				EBC5763E273BEB0400AC2528 /* hm.sdk.sampleUITests */,
				EBC5761C273BEB0200AC2528 /* Products */,
				EB255B1E275A0BC700F01669 /* Frameworks */,
			);
			sourceTree = "<group>";
		};
		EBC5761C273BEB0200AC2528 /* Products */ = {
			isa = PBXGroup;
			children = (
				EBC5761B273BEB0200AC2528 /* hm.sdk.sample.app */,
				EBC57631273BEB0400AC2528 /* hm.sdk.sampleTests.xctest */,
				EBC5763B273BEB0400AC2528 /* hm.sdk.sampleUITests.xctest */,
			);
			name = Products;
			sourceTree = "<group>";
		};
		EBC5761D273BEB0200AC2528 /* hm.sdk.sample */ = {
			isa = PBXGroup;
			children = (
				EBC5761E273BEB0200AC2528 /* AppDelegate.swift */,
				EBC57620273BEB0200AC2528 /* SceneDelegate.swift */,
				EBC57622273BEB0200AC2528 /* ViewController.swift */,
				EBC57624273BEB0200AC2528 /* Main.storyboard */,
				EBC57627273BEB0300AC2528 /* Assets.xcassets */,
				EBC57629273BEB0300AC2528 /* LaunchScreen.storyboard */,
				EBC5762C273BEB0300AC2528 /* Info.plist */,
			);
			path = hm.sdk.sample;
			sourceTree = "<group>";
		};
		EBC57634273BEB0400AC2528 /* hm.sdk.sampleTests */ = {
			isa = PBXGroup;
			children = (
				EBC57635273BEB0400AC2528 /* hm_sdk_sampleTests.swift */,
			);
			path = hm.sdk.sampleTests;
			sourceTree = "<group>";
		};
		EBC5763E273BEB0400AC2528 /* hm.sdk.sampleUITests */ = {
			isa = PBXGroup;
			children = (
				EBC5763F273BEB0400AC2528 /* hm_sdk_sampleUITests.swift */,
				EBC57641273BEB0400AC2528 /* hm_sdk_sampleUITestsLaunchTests.swift */,
			);
			path = hm.sdk.sampleUITests;
			sourceTree = "<group>";
		};
/* End PBXGroup section */

/* Begin PBXNativeTarget section */
		EBC5761A273BEB0200AC2528 /* hm.sdk.sample */ = {
			isa = PBXNativeTarget;
			buildConfigurationList = EBC57645273BEB0400AC2528 /* Build configuration list for PBXNativeTarget "hm.sdk.sample" */;
			buildPhases = (
				EBC57617273BEB0200AC2528 /* Sources */,
				EBC57618273BEB0200AC2528 /* Frameworks */,
				EBC57619273BEB0200AC2528 /* Resources */,
				EB255B22275A0BC700F01669 /* Embed Frameworks */,
			);
			buildRules = (
			);
			dependencies = (
			);
			name = hm.sdk.sample;
			productName = hm.sdk.sample;
			productReference = EBC5761B273BEB0200AC2528 /* hm.sdk.sample.app */;
			productType = "com.apple.product-type.application";
		};
		EBC57630273BEB0400AC2528 /* hm.sdk.sampleTests */ = {
			isa = PBXNativeTarget;
			buildConfigurationList = EBC57648273BEB0400AC2528 /* Build configuration list for PBXNativeTarget "hm.sdk.sampleTests" */;
			buildPhases = (
				EBC5762D273BEB0400AC2528 /* Sources */,
				EBC5762E273BEB0400AC2528 /* Frameworks */,
				EBC5762F273BEB0400AC2528 /* Resources */,
			);
			buildRules = (
			);
			dependencies = (
				EBC57633273BEB0400AC2528 /* PBXTargetDependency */,
			);
			name = hm.sdk.sampleTests;
			productName = hm.sdk.sampleTests;
			productReference = EBC57631273BEB0400AC2528 /* hm.sdk.sampleTests.xctest */;
			productType = "com.apple.product-type.bundle.unit-test";
		};
		EBC5763A273BEB0400AC2528 /* hm.sdk.sampleUITests */ = {
			isa = PBXNativeTarget;
			buildConfigurationList = EBC5764B273BEB0400AC2528 /* Build configuration list for PBXNativeTarget "hm.sdk.sampleUITests" */;
			buildPhases = (
				EBC57637273BEB0400AC2528 /* Sources */,
				EBC57638273BEB0400AC2528 /* Frameworks */,
				EBC57639273BEB0400AC2528 /* Resources */,
			);
			buildRules = (
			);
			dependencies = (
				EBC5763D273BEB0400AC2528 /* PBXTargetDependency */,
			);
			name = hm.sdk.sampleUITests;
			productName = hm.sdk.sampleUITests;
			productReference = EBC5763B273BEB0400AC2528 /* hm.sdk.sampleUITests.xctest */;
			productType = "com.apple.product-type.bundle.ui-testing";
		};
/* End PBXNativeTarget section */

/* Begin PBXProject section */
		EBC57613273BEB0200AC2528 /* Project object */ = {
			isa = PBXProject;
			attributes = {
				BuildIndependentTargetsInParallel = 1;
				LastSwiftUpdateCheck = 1310;
				LastUpgradeCheck = 1310;
				TargetAttributes = {
					EBC5761A273BEB0200AC2528 = {
						CreatedOnToolsVersion = 13.1;
					};
					EBC57630273BEB0400AC2528 = {
						CreatedOnToolsVersion = 13.1;
						TestTargetID = EBC5761A273BEB0200AC2528;
					};
					EBC5763A273BEB0400AC2528 = {
						CreatedOnToolsVersion = 13.1;
						TestTargetID = EBC5761A273BEB0200AC2528;
					};
				};
			};
			buildConfigurationList = EBC57616273BEB0200AC2528 /* Build configuration list for PBXProject "hm.sdk.sample" */;
			compatibilityVersion = "Xcode 13.0";
			developmentRegion = en;
			hasScannedForEncodings = 0;
			knownRegions = (
				en,
				Base,
			);
			mainGroup = EBC57612273BEB0200AC2528;
			productRefGroup = EBC5761C273BEB0200AC2528 /* Products */;
			projectDirPath = "";
			projectRoot = "";
			targets = (
				EBC5761A273BEB0200AC2528 /* hm.sdk.sample */,
				EBC57630273BEB0400AC2528 /* hm.sdk.sampleTests */,
				EBC5763A273BEB0400AC2528 /* hm.sdk.sampleUITests */,
			);
		};
/* End PBXProject section */

/* Begin PBXResourcesBuildPhase section */
		EBC57619273BEB0200AC2528 /* Resources */ = {
			isa = PBXResourcesBuildPhase;
			buildActionMask = 2147483647;
			files = (
				EBC5762B273BEB0300AC2528 /* LaunchScreen.storyboard in Resources */,
				EBC57628273BEB0300AC2528 /* Assets.xcassets in Resources */,
				EBC57626273BEB0200AC2528 /* Main.storyboard in Resources */,
			);
			runOnlyForDeploymentPostprocessing = 0;
		};
		EBC5762F273BEB0400AC2528 /* Resources */ = {
			isa = PBXResourcesBuildPhase;
			buildActionMask = 2147483647;
			files = (
			);
			runOnlyForDeploymentPostprocessing = 0;
		};
		EBC57639273BEB0400AC2528 /* Resources */ = {
			isa = PBXResourcesBuildPhase;
			buildActionMask = 2147483647;
			files = (
			);
			runOnlyForDeploymentPostprocessing = 0;
		};
/* End PBXResourcesBuildPhase section */

/* Begin PBXSourcesBuildPhase section */
		EBC57617273BEB0200AC2528 /* Sources */ = {
			isa = PBXSourcesBuildPhase;
			buildActionMask = 2147483647;
			files = (
				EBC57623273BEB0200AC2528 /* ViewController.swift in Sources */,
				EBC5761F273BEB0200AC2528 /* AppDelegate.swift in Sources */,
				EBC57621273BEB0200AC2528 /* SceneDelegate.swift in Sources */,
			);
			runOnlyForDeploymentPostprocessing = 0;
		};
		EBC5762D273BEB0400AC2528 /* Sources */ = {
			isa = PBXSourcesBuildPhase;
			buildActionMask = 2147483647;
			files = (
				EBC57636273BEB0400AC2528 /* hm_sdk_sampleTests.swift in Sources */,
			);
			runOnlyForDeploymentPostprocessing = 0;
		};
		EBC57637273BEB0400AC2528 /* Sources */ = {
			isa = PBXSourcesBuildPhase;
			buildActionMask = 2147483647;
			files = (
				EBC57642273BEB0400AC2528 /* hm_sdk_sampleUITestsLaunchTests.swift in Sources */,
				EBC57640273BEB0400AC2528 /* hm_sdk_sampleUITests.swift in Sources */,
			);
			runOnlyForDeploymentPostprocessing = 0;
		};
/* End PBXSourcesBuildPhase section */

/* Begin PBXTargetDependency section */
		EBC57633273BEB0400AC2528 /* PBXTargetDependency */ = {
			isa = PBXTargetDependency;
			target = EBC5761A273BEB0200AC2528 /* hm.sdk.sample */;
			targetProxy = EBC57632273BEB0400AC2528 /* PBXContainerItemProxy */;
		};
		EBC5763D273BEB0400AC2528 /* PBXTargetDependency */ = {
			isa = PBXTargetDependency;
			target = EBC5761A273BEB0200AC2528 /* hm.sdk.sample */;
			targetProxy = EBC5763C273BEB0400AC2528 /* PBXContainerItemProxy */;
		};
/* End PBXTargetDependency section */

/* Begin PBXVariantGroup section */
		EBC57624273BEB0200AC2528 /* Main.storyboard */ = {
			isa = PBXVariantGroup;
			children = (
				EBC57625273BEB0200AC2528 /* Base */,
			);
			name = Main.storyboard;
			sourceTree = "<group>";
		};
		EBC57629273BEB0300AC2528 /* LaunchScreen.storyboard */ = {
			isa = PBXVariantGroup;
			children = (
				EBC5762A273BEB0300AC2528 /* Base */,
			);
			name = LaunchScreen.storyboard;
			sourceTree = "<group>";
		};
/* End PBXVariantGroup section */

/* Begin XCBuildConfiguration section */
		EBC57643273BEB0400AC2528 /* Debug */ = {
			isa = XCBuildConfiguration;
			buildSettings = {
				ALWAYS_SEARCH_USER_PATHS = NO;
				CLANG_ANALYZER_NONNULL = YES;
				CLANG_ANALYZER_NUMBER_OBJECT_CONVERSION = YES_AGGRESSIVE;
				CLANG_CXX_LANGUAGE_STANDARD = "gnu++17";
				CLANG_CXX_LIBRARY = "libc++";
				CLANG_ENABLE_MODULES = YES;
				CLANG_ENABLE_OBJC_ARC = YES;
				CLANG_ENABLE_OBJC_WEAK = YES;
				CLANG_WARN_BLOCK_CAPTURE_AUTORELEASING = YES;
				CLANG_WARN_BOOL_CONVERSION = YES;
				CLANG_WARN_COMMA = YES;
				CLANG_WARN_CONSTANT_CONVERSION = YES;
				CLANG_WARN_DEPRECATED_OBJC_IMPLEMENTATIONS = YES;
				CLANG_WARN_DIRECT_OBJC_ISA_USAGE = YES_ERROR;
				CLANG_WARN_DOCUMENTATION_COMMENTS = YES;
				CLANG_WARN_EMPTY_BODY = YES;
				CLANG_WARN_ENUM_CONVERSION = YES;
				CLANG_WARN_INFINITE_RECURSION = YES;
				CLANG_WARN_INT_CONVERSION = YES;
				CLANG_WARN_NON_LITERAL_NULL_CONVERSION = YES;
				CLANG_WARN_OBJC_IMPLICIT_RETAIN_SELF = YES;
				CLANG_WARN_OBJC_LITERAL_CONVERSION = YES;
				CLANG_WARN_OBJC_ROOT_CLASS = YES_ERROR;
				CLANG_WARN_QUOTED_INCLUDE_IN_FRAMEWORK_HEADER = YES;
				CLANG_WARN_RANGE_LOOP_ANALYSIS = YES;
				CLANG_WARN_STRICT_PROTOTYPES = YES;
				CLANG_WARN_SUSPICIOUS_MOVE = YES;
				CLANG_WARN_UNGUARDED_AVAILABILITY = YES_AGGRESSIVE;
				CLANG_WARN_UNREACHABLE_CODE = YES;
				CLANG_WARN__DUPLICATE_METHOD_MATCH = YES;
				COPY_PHASE_STRIP = NO;
				DEBUG_INFORMATION_FORMAT = dwarf;
				ENABLE_STRICT_OBJC_MSGSEND = YES;
				ENABLE_TESTABILITY = YES;
				GCC_C_LANGUAGE_STANDARD = gnu11;
				GCC_DYNAMIC_NO_PIC = NO;
				GCC_NO_COMMON_BLOCKS = YES;
				GCC_OPTIMIZATION_LEVEL = 0;
				GCC_PREPROCESSOR_DEFINITIONS = (
					"DEBUG=1",
					"$(inherited)",
				);
				GCC_WARN_64_TO_32_BIT_CONVERSION = YES;
				GCC_WARN_ABOUT_RETURN_TYPE = YES_ERROR;
				GCC_WARN_UNDECLARED_SELECTOR = YES;
				GCC_WARN_UNINITIALIZED_AUTOS = YES_AGGRESSIVE;
				GCC_WARN_UNUSED_FUNCTION = YES;
				GCC_WARN_UNUSED_VARIABLE = YES;
				IPHONEOS_DEPLOYMENT_TARGET = 15.0;
				MTL_ENABLE_DEBUG_INFO = INCLUDE_SOURCE;
				MTL_FAST_MATH = YES;
				ONLY_ACTIVE_ARCH = YES;
				SDKROOT = iphoneos;
				SWIFT_ACTIVE_COMPILATION_CONDITIONS = DEBUG;
				SWIFT_OPTIMIZATION_LEVEL = "-Onone";
			};
			name = Debug;
		};
		EBC57644273BEB0400AC2528 /* Release */ = {
			isa = XCBuildConfiguration;
			buildSettings = {
				ALWAYS_SEARCH_USER_PATHS = NO;
				CLANG_ANALYZER_NONNULL = YES;
				CLANG_ANALYZER_NUMBER_OBJECT_CONVERSION = YES_AGGRESSIVE;
				CLANG_CXX_LANGUAGE_STANDARD = "gnu++17";
				CLANG_CXX_LIBRARY = "libc++";
				CLANG_ENABLE_MODULES = YES;
				CLANG_ENABLE_OBJC_ARC = YES;
				CLANG_ENABLE_OBJC_WEAK = YES;
				CLANG_WARN_BLOCK_CAPTURE_AUTORELEASING = YES;
				CLANG_WARN_BOOL_CONVERSION = YES;
				CLANG_WARN_COMMA = YES;
				CLANG_WARN_CONSTANT_CONVERSION = YES;
				CLANG_WARN_DEPRECATED_OBJC_IMPLEMENTATIONS = YES;
				CLANG_WARN_DIRECT_OBJC_ISA_USAGE = YES_ERROR;
				CLANG_WARN_DOCUMENTATION_COMMENTS = YES;
				CLANG_WARN_EMPTY_BODY = YES;
				CLANG_WARN_ENUM_CONVERSION = YES;
				CLANG_WARN_INFINITE_RECURSION = YES;
				CLANG_WARN_INT_CONVERSION = YES;
				CLANG_WARN_NON_LITERAL_NULL_CONVERSION = YES;
				CLANG_WARN_OBJC_IMPLICIT_RETAIN_SELF = YES;
				CLANG_WARN_OBJC_LITERAL_CONVERSION = YES;
				CLANG_WARN_OBJC_ROOT_CLASS = YES_ERROR;
				CLANG_WARN_QUOTED_INCLUDE_IN_FRAMEWORK_HEADER = YES;
				CLANG_WARN_RANGE_LOOP_ANALYSIS = YES;
				CLANG_WARN_STRICT_PROTOTYPES = YES;
				CLANG_WARN_SUSPICIOUS_MOVE = YES;
				CLANG_WARN_UNGUARDED_AVAILABILITY = YES_AGGRESSIVE;
				CLANG_WARN_UNREACHABLE_CODE = YES;
				CLANG_WARN__DUPLICATE_METHOD_MATCH = YES;
				COPY_PHASE_STRIP = NO;
				DEBUG_INFORMATION_FORMAT = "dwarf-with-dsym";
				ENABLE_NS_ASSERTIONS = NO;
				ENABLE_STRICT_OBJC_MSGSEND = YES;
				GCC_C_LANGUAGE_STANDARD = gnu11;
				GCC_NO_COMMON_BLOCKS = YES;
				GCC_WARN_64_TO_32_BIT_CONVERSION = YES;
				GCC_WARN_ABOUT_RETURN_TYPE = YES_ERROR;
				GCC_WARN_UNDECLARED_SELECTOR = YES;
				GCC_WARN_UNINITIALIZED_AUTOS = YES_AGGRESSIVE;
				GCC_WARN_UNUSED_FUNCTION = YES;
				GCC_WARN_UNUSED_VARIABLE = YES;
				IPHONEOS_DEPLOYMENT_TARGET = 15.0;
				MTL_ENABLE_DEBUG_INFO = NO;
				MTL_FAST_MATH = YES;
				SDKROOT = iphoneos;
				SWIFT_COMPILATION_MODE = wholemodule;
				SWIFT_OPTIMIZATION_LEVEL = "-O";
				VALIDATE_PRODUCT = YES;
			};
			name = Release;
		};
		EBC57646273BEB0400AC2528 /* Debug */ = {
			isa = XCBuildConfiguration;
			buildSettings = {
				ASSETCATALOG_COMPILER_APPICON_NAME = AppIcon;
				ASSETCATALOG_COMPILER_GLOBAL_ACCENT_COLOR_NAME = AccentColor;
				CODE_SIGN_STYLE = Manual;
				CURRENT_PROJECT_VERSION = 1;
				DEVELOPMENT_TEAM = "";
				GENERATE_INFOPLIST_FILE = YES;
				INFOPLIST_FILE = hm.sdk.sample/Info.plist;
				INFOPLIST_KEY_UIApplicationSupportsIndirectInputEvents = YES;
				INFOPLIST_KEY_UILaunchStoryboardName = LaunchScreen;
				INFOPLIST_KEY_UIMainStoryboardFile = Main;
				INFOPLIST_KEY_UISupportedInterfaceOrientations_iPad = "UIInterfaceOrientationPortrait UIInterfaceOrientationPortraitUpsideDown UIInterfaceOrientationLandscapeLeft UIInterfaceOrientationLandscapeRight";
				INFOPLIST_KEY_UISupportedInterfaceOrientations_iPhone = "UIInterfaceOrientationPortrait UIInterfaceOrientationLandscapeLeft UIInterfaceOrientationLandscapeRight";
				LD_RUNPATH_SEARCH_PATHS = (
					"$(inherited)",
					"@executable_path/Frameworks",
				);
				MARKETING_VERSION = 1.0;
				PRODUCT_BUNDLE_IDENTIFIER = "com.kalvad.hm-sdk-sample";
				PRODUCT_NAME = "$(TARGET_NAME)";
				PROVISIONING_PROFILE_SPECIFIER = "";
				SWIFT_EMIT_LOC_STRINGS = YES;
				SWIFT_VERSION = 5.0;
				TARGETED_DEVICE_FAMILY = "1,2";
			};
			name = Debug;
		};
		EBC57647273BEB0400AC2528 /* Release */ = {
			isa = XCBuildConfiguration;
			buildSettings = {
				ASSETCATALOG_COMPILER_APPICON_NAME = AppIcon;
				ASSETCATALOG_COMPILER_GLOBAL_ACCENT_COLOR_NAME = AccentColor;
				CODE_SIGN_STYLE = Manual;
				CURRENT_PROJECT_VERSION = 1;
				DEVELOPMENT_TEAM = "";
				GENERATE_INFOPLIST_FILE = YES;
				INFOPLIST_FILE = hm.sdk.sample/Info.plist;
				INFOPLIST_KEY_UIApplicationSupportsIndirectInputEvents = YES;
				INFOPLIST_KEY_UILaunchStoryboardName = LaunchScreen;
				INFOPLIST_KEY_UIMainStoryboardFile = Main;
				INFOPLIST_KEY_UISupportedInterfaceOrientations_iPad = "UIInterfaceOrientationPortrait UIInterfaceOrientationPortraitUpsideDown UIInterfaceOrientationLandscapeLeft UIInterfaceOrientationLandscapeRight";
				INFOPLIST_KEY_UISupportedInterfaceOrientations_iPhone = "UIInterfaceOrientationPortrait UIInterfaceOrientationLandscapeLeft UIInterfaceOrientationLandscapeRight";
				LD_RUNPATH_SEARCH_PATHS = (
					"$(inherited)",
					"@executable_path/Frameworks",
				);
				MARKETING_VERSION = 1.0;
				PRODUCT_BUNDLE_IDENTIFIER = "com.kalvad.hm-sdk-sample";
				PRODUCT_NAME = "$(TARGET_NAME)";
				PROVISIONING_PROFILE_SPECIFIER = "";
				SWIFT_EMIT_LOC_STRINGS = YES;
				SWIFT_VERSION = 5.0;
				TARGETED_DEVICE_FAMILY = "1,2";
			};
			name = Release;
		};
		EBC57649273BEB0400AC2528 /* Debug */ = {
			isa = XCBuildConfiguration;
			buildSettings = {
				ALWAYS_EMBED_SWIFT_STANDARD_LIBRARIES = YES;
				BUNDLE_LOADER = "$(TEST_HOST)";
				CODE_SIGN_STYLE = Automatic;
				CURRENT_PROJECT_VERSION = 1;
				DEVELOPMENT_TEAM = NGYSA26NZC;
				GENERATE_INFOPLIST_FILE = YES;
				IPHONEOS_DEPLOYMENT_TARGET = 15.0;
				LD_RUNPATH_SEARCH_PATHS = (
					"$(inherited)",
					"@executable_path/Frameworks",
					"@loader_path/Frameworks",
				);
				MARKETING_VERSION = 1.0;
				PRODUCT_BUNDLE_IDENTIFIER = "com.kalvad.hm-sdk-sampleTests";
				PRODUCT_NAME = "$(TARGET_NAME)";
				SWIFT_EMIT_LOC_STRINGS = NO;
				SWIFT_VERSION = 5.0;
				TARGETED_DEVICE_FAMILY = "1,2";
				TEST_HOST = "$(BUILT_PRODUCTS_DIR)/hm.sdk.sample.app/hm.sdk.sample";
			};
			name = Debug;
		};
		EBC5764A273BEB0400AC2528 /* Release */ = {
			isa = XCBuildConfiguration;
			buildSettings = {
				ALWAYS_EMBED_SWIFT_STANDARD_LIBRARIES = YES;
				BUNDLE_LOADER = "$(TEST_HOST)";
				CODE_SIGN_STYLE = Automatic;
				CURRENT_PROJECT_VERSION = 1;
				DEVELOPMENT_TEAM = NGYSA26NZC;
				GENERATE_INFOPLIST_FILE = YES;
				IPHONEOS_DEPLOYMENT_TARGET = 15.0;
				LD_RUNPATH_SEARCH_PATHS = (
					"$(inherited)",
					"@executable_path/Frameworks",
					"@loader_path/Frameworks",
				);
				MARKETING_VERSION = 1.0;
				PRODUCT_BUNDLE_IDENTIFIER = "com.kalvad.hm-sdk-sampleTests";
				PRODUCT_NAME = "$(TARGET_NAME)";
				SWIFT_EMIT_LOC_STRINGS = NO;
				SWIFT_VERSION = 5.0;
				TARGETED_DEVICE_FAMILY = "1,2";
				TEST_HOST = "$(BUILT_PRODUCTS_DIR)/hm.sdk.sample.app/hm.sdk.sample";
			};
			name = Release;
		};
		EBC5764C273BEB0400AC2528 /* Debug */ = {
			isa = XCBuildConfiguration;
			buildSettings = {
				ALWAYS_EMBED_SWIFT_STANDARD_LIBRARIES = YES;
				CODE_SIGN_STYLE = Automatic;
				CURRENT_PROJECT_VERSION = 1;
				DEVELOPMENT_TEAM = NGYSA26NZC;
				GENERATE_INFOPLIST_FILE = YES;
				LD_RUNPATH_SEARCH_PATHS = (
					"$(inherited)",
					"@executable_path/Frameworks",
					"@loader_path/Frameworks",
				);
				MARKETING_VERSION = 1.0;
				PRODUCT_BUNDLE_IDENTIFIER = "com.kalvad.hm-sdk-sampleUITests";
				PRODUCT_NAME = "$(TARGET_NAME)";
				SWIFT_EMIT_LOC_STRINGS = NO;
				SWIFT_VERSION = 5.0;
				TARGETED_DEVICE_FAMILY = "1,2";
				TEST_TARGET_NAME = hm.sdk.sample;
			};
			name = Debug;
		};
		EBC5764D273BEB0400AC2528 /* Release */ = {
			isa = XCBuildConfiguration;
			buildSettings = {
				ALWAYS_EMBED_SWIFT_STANDARD_LIBRARIES = YES;
				CODE_SIGN_STYLE = Automatic;
				CURRENT_PROJECT_VERSION = 1;
				DEVELOPMENT_TEAM = NGYSA26NZC;
				GENERATE_INFOPLIST_FILE = YES;
				LD_RUNPATH_SEARCH_PATHS = (
					"$(inherited)",
					"@executable_path/Frameworks",
					"@loader_path/Frameworks",
				);
				MARKETING_VERSION = 1.0;
				PRODUCT_BUNDLE_IDENTIFIER = "com.kalvad.hm-sdk-sampleUITests";
				PRODUCT_NAME = "$(TARGET_NAME)";
				SWIFT_EMIT_LOC_STRINGS = NO;
				SWIFT_VERSION = 5.0;
				TARGETED_DEVICE_FAMILY = "1,2";
				TEST_TARGET_NAME = hm.sdk.sample;
			};
			name = Release;
		};
/* End XCBuildConfiguration section */

/* Begin XCConfigurationList section */
		EBC57616273BEB0200AC2528 /* Build configuration list for PBXProject "hm.sdk.sample" */ = {
			isa = XCConfigurationList;
			buildConfigurations = (
				EBC57643273BEB0400AC2528 /* Debug */,
				EBC57644273BEB0400AC2528 /* Release */,
			);
			defaultConfigurationIsVisible = 0;
			defaultConfigurationName = Release;
		};
		EBC57645273BEB0400AC2528 /* Build configuration list for PBXNativeTarget "hm.sdk.sample" */ = {
			isa = XCConfigurationList;
			buildConfigurations = (
				EBC57646273BEB0400AC2528 /* Debug */,
				EBC57647273BEB0400AC2528 /* Release */,
			);
			defaultConfigurationIsVisible = 0;
			defaultConfigurationName = Release;
		};
		EBC57648273BEB0400AC2528 /* Build configuration list for PBXNativeTarget "hm.sdk.sampleTests" */ = {
			isa = XCConfigurationList;
			buildConfigurations = (
				EBC57649273BEB0400AC2528 /* Debug */,
				EBC5764A273BEB0400AC2528 /* Release */,
			);
			defaultConfigurationIsVisible = 0;
			defaultConfigurationName = Release;
		};
		EBC5764B273BEB0400AC2528 /* Build configuration list for PBXNativeTarget "hm.sdk.sampleUITests" */ = {
			isa = XCConfigurationList;
			buildConfigurations = (
				EBC5764C273BEB0400AC2528 /* Debug */,
				EBC5764D273BEB0400AC2528 /* Release */,
			);
			defaultConfigurationIsVisible = 0;
			defaultConfigurationName = Release;
		};
/* End XCConfigurationList section */
	};
	rootObject = EBC57613273BEB0200AC2528 /* Project object */;
}
